
Microsoft Visual Studio Solution File, Format Version 12.00
# Visual Studio Version 16
VisualStudioVersion = 16.0.30523.141
MinimumVisualStudioVersion = 10.0.40219.1
Project("{FAE04EC0-301F-11D3-BF4B-00C04F79EFBC}") = "coding2", "coding2\coding2.csproj", "{5DD75C85-38F6-4622-9079-3909E85BF9BB}"
EndProject
Global
	GlobalSection(SolutionConfigurationPlatforms) = preSolution
		Debug|Any CPU = Debug|Any CPU
		Release|Any CPU = Release|Any CPU
	EndGlobalSection
	GlobalSection(ProjectConfigurationPlatforms) = postSolution
		{5DD75C85-38F6-4622-9079-3909E85BF9BB}.Debug|Any CPU.ActiveCfg = Debug|Any CPU
		{5DD75C85-38F6-4622-9079-3909E85BF9BB}.Debug|Any CPU.Build.0 = Debug|Any CPU
		{5DD75C85-38F6-4622-9079-3909E85BF9BB}.Release|Any CPU.ActiveCfg = Release|Any CPU
		{5DD75C85-38F6-4622-9079-3909E85BF9BB}.Release|Any CPU.Build.0 = Release|Any CPU
	EndGlobalSection
	GlobalSection(SolutionProperties) = preSolution
		HideSolutionNode = FALSE
	EndGlobalSection
	GlobalSection(ExtensibilityGlobals) = postSolution
		SolutionGuid = {F740E5E5-D0C2-4F61-864E-252991EB4876}
	EndGlobalSection
EndGlobal
